{
  "name": "kembangin",
  "lockfileVersion": 2,
  "requires": true,
  "packages": {
    "": {
      "dependencies": {
        "jquery-serializejson": "^3.2.1"
      }
    },
    "node_modules/jquery-serializejson": {
      "version": "3.2.1",
      "resolved": "https://registry.npmjs.org/jquery-serializejson/-/jquery-serializejson-3.2.1.tgz",
      "integrity": "sha512-89UxVNC4ac9XC5tWPz3DjSTYFcT5z6JYsxGVw+qHhD61FzjbEzXJHjpdLnezWujjqtIECi/URQ6KdPmDE9imGA=="
    }
  },
  "dependencies": {
    "jquery-serializejson": {
      "version": "3.2.1",
      "resolved": "https://registry.npmjs.org/jquery-serializejson/-/jquery-serializejson-3.2.1.tgz",
      "integrity": "sha512-89UxVNC4ac9XC5tWPz3DjSTYFcT5z6JYsxGVw+qHhD61FzjbEzXJHjpdLnezWujjqtIECi/URQ6KdPmDE9imGA=="
    }
  }
}
